
Microsoft Visual Studio Solution File, Format Version 12.00
# Visual Studio 2012
Project("{FAE04EC0-301F-11D3-BF4B-00C04F79EFBC}") = "1.RecursionNLoops", "Recursion\1.RecursionNLoops.csproj", "{43688FB6-DE9C-49B2-B653-23BC805F0CBD}"
EndProject
Project("{FAE04EC0-301F-11D3-BF4B-00C04F79EFBC}") = "2.DuplicatedCombinations", "2.DuplicatesCombinations\2.DuplicatedCombinations.csproj", "{4070FF2D-51CD-4606-8596-562455696473}"
EndProject
Project("{FAE04EC0-301F-11D3-BF4B-00C04F79EFBC}") = "3.SkipDuplicates", "3.SkipDuplicates\3.SkipDuplicates.csproj", "{27A3E44B-0127-49C5-A0DC-6ADE32191284}"
EndProject
Project("{FAE04EC0-301F-11D3-BF4B-00C04F79EFBC}") = "4.GenerateAllPermutations", "4.GenerateAllPermutations\4.GenerateAllPermutations.csproj", "{0FC46B81-BE18-4941-ABE3-62CCF3470613}"
EndProject
Project("{FAE04EC0-301F-11D3-BF4B-00C04F79EFBC}") = "5.OrderedElements", "5.OrderedElements\5.OrderedElements.csproj", "{F8E3E57F-4A11-4223-A3E3-B6C9FE6D811A}"
EndProject
Project("{FAE04EC0-301F-11D3-BF4B-00C04F79EFBC}") = "6.SubsetOfStrings", "6.SubsetOfStrings\6.SubsetOfStrings.csproj", "{4382B30F-B535-4946-B94A-46288FC9F307}"
EndProject
Project("{FAE04EC0-301F-11D3-BF4B-00C04F79EFBC}") = "7.Labyrinth", "7.Labyrinth\7.Labyrinth.csproj", "{7583B3FF-F814-4828-B746-46DBCEAFB3D6}"
EndProject
Project("{FAE04EC0-301F-11D3-BF4B-00C04F79EFBC}") = "8.ModifyLabyrinth", "8.ModifyLabyrinth\8.ModifyLabyrinth.csproj", "{0FFDF821-A359-4F27-BB9C-29D4CEB0203C}"
EndProject
Project("{FAE04EC0-301F-11D3-BF4B-00C04F79EFBC}") = "9.LargestEqualElementsArea", "9.\9.LargestEqualElementsArea.csproj", "{238FD04F-25C1-4324-93F5-E6CF50A4D8B8}"
EndProject
Global
	GlobalSection(SolutionConfigurationPlatforms) = preSolution
		Debug|Any CPU = Debug|Any CPU
		Release|Any CPU = Release|Any CPU
	EndGlobalSection
	GlobalSection(ProjectConfigurationPlatforms) = postSolution
		{43688FB6-DE9C-49B2-B653-23BC805F0CBD}.Debug|Any CPU.ActiveCfg = Debug|Any CPU
		{43688FB6-DE9C-49B2-B653-23BC805F0CBD}.Debug|Any CPU.Build.0 = Debug|Any CPU
		{43688FB6-DE9C-49B2-B653-23BC805F0CBD}.Release|Any CPU.ActiveCfg = Release|Any CPU
		{43688FB6-DE9C-49B2-B653-23BC805F0CBD}.Release|Any CPU.Build.0 = Release|Any CPU
		{4070FF2D-51CD-4606-8596-562455696473}.Debug|Any CPU.ActiveCfg = Debug|Any CPU
		{4070FF2D-51CD-4606-8596-562455696473}.Debug|Any CPU.Build.0 = Debug|Any CPU
		{4070FF2D-51CD-4606-8596-562455696473}.Release|Any CPU.ActiveCfg = Release|Any CPU
		{4070FF2D-51CD-4606-8596-562455696473}.Release|Any CPU.Build.0 = Release|Any CPU
		{27A3E44B-0127-49C5-A0DC-6ADE32191284}.Debug|Any CPU.ActiveCfg = Debug|Any CPU
		{27A3E44B-0127-49C5-A0DC-6ADE32191284}.Debug|Any CPU.Build.0 = Debug|Any CPU
		{27A3E44B-0127-49C5-A0DC-6ADE32191284}.Release|Any CPU.ActiveCfg = Release|Any CPU
		{27A3E44B-0127-49C5-A0DC-6ADE32191284}.Release|Any CPU.Build.0 = Release|Any CPU
		{0FC46B81-BE18-4941-ABE3-62CCF3470613}.Debug|Any CPU.ActiveCfg = Debug|Any CPU
		{0FC46B81-BE18-4941-ABE3-62CCF3470613}.Debug|Any CPU.Build.0 = Debug|Any CPU
		{0FC46B81-BE18-4941-ABE3-62CCF3470613}.Release|Any CPU.ActiveCfg = Release|Any CPU
		{0FC46B81-BE18-4941-ABE3-62CCF3470613}.Release|Any CPU.Build.0 = Release|Any CPU
		{F8E3E57F-4A11-4223-A3E3-B6C9FE6D811A}.Debug|Any CPU.ActiveCfg = Debug|Any CPU
		{F8E3E57F-4A11-4223-A3E3-B6C9FE6D811A}.Debug|Any CPU.Build.0 = Debug|Any CPU
		{F8E3E57F-4A11-4223-A3E3-B6C9FE6D811A}.Release|Any CPU.ActiveCfg = Release|Any CPU
		{F8E3E57F-4A11-4223-A3E3-B6C9FE6D811A}.Release|Any CPU.Build.0 = Release|Any CPU
		{4382B30F-B535-4946-B94A-46288FC9F307}.Debug|Any CPU.ActiveCfg = Debug|Any CPU
		{4382B30F-B535-4946-B94A-46288FC9F307}.Debug|Any CPU.Build.0 = Debug|Any CPU
		{4382B30F-B535-4946-B94A-46288FC9F307}.Release|Any CPU.ActiveCfg = Release|Any CPU
		{4382B30F-B535-4946-B94A-46288FC9F307}.Release|Any CPU.Build.0 = Release|Any CPU
		{7583B3FF-F814-4828-B746-46DBCEAFB3D6}.Debug|Any CPU.ActiveCfg = Debug|Any CPU
		{7583B3FF-F814-4828-B746-46DBCEAFB3D6}.Debug|Any CPU.Build.0 = Debug|Any CPU
		{7583B3FF-F814-4828-B746-46DBCEAFB3D6}.Release|Any CPU.ActiveCfg = Release|Any CPU
		{7583B3FF-F814-4828-B746-46DBCEAFB3D6}.Release|Any CPU.Build.0 = Release|Any CPU
		{0FFDF821-A359-4F27-BB9C-29D4CEB0203C}.Debug|Any CPU.ActiveCfg = Debug|Any CPU
		{0FFDF821-A359-4F27-BB9C-29D4CEB0203C}.Debug|Any CPU.Build.0 = Debug|Any CPU
		{0FFDF821-A359-4F27-BB9C-29D4CEB0203C}.Release|Any CPU.ActiveCfg = Release|Any CPU
		{0FFDF821-A359-4F27-BB9C-29D4CEB0203C}.Release|Any CPU.Build.0 = Release|Any CPU
		{238FD04F-25C1-4324-93F5-E6CF50A4D8B8}.Debug|Any CPU.ActiveCfg = Debug|Any CPU
		{238FD04F-25C1-4324-93F5-E6CF50A4D8B8}.Debug|Any CPU.Build.0 = Debug|Any CPU
		{238FD04F-25C1-4324-93F5-E6CF50A4D8B8}.Release|Any CPU.ActiveCfg = Release|Any CPU
		{238FD04F-25C1-4324-93F5-E6CF50A4D8B8}.Release|Any CPU.Build.0 = Release|Any CPU
	EndGlobalSection
	GlobalSection(SolutionProperties) = preSolution
		HideSolutionNode = FALSE
	EndGlobalSection
EndGlobal
