
Microsoft Visual Studio Solution File, Format Version 12.00
# Visual Studio 2012
Project("{FAE04EC0-301F-11D3-BF4B-00C04F79EFBC}") = "BinaryPasswords", "BinaryForms\BinaryPasswords.csproj", "{96C0F504-AB09-4E72-ACCB-2BE518680C8A}"
EndProject
Project("{FAE04EC0-301F-11D3-BF4B-00C04F79EFBC}") = "Zig-Zag", "BinaryTrees\Zig-Zag.csproj", "{72FEAF53-3A5E-4E8C-8892-D36ACE7C717E}"
EndProject
Global
	GlobalSection(SolutionConfigurationPlatforms) = preSolution
		Debug|Any CPU = Debug|Any CPU
		Release|Any CPU = Release|Any CPU
	EndGlobalSection
	GlobalSection(ProjectConfigurationPlatforms) = postSolution
		{96C0F504-AB09-4E72-ACCB-2BE518680C8A}.Debug|Any CPU.ActiveCfg = Debug|Any CPU
		{96C0F504-AB09-4E72-ACCB-2BE518680C8A}.Debug|Any CPU.Build.0 = Debug|Any CPU
		{96C0F504-AB09-4E72-ACCB-2BE518680C8A}.Release|Any CPU.ActiveCfg = Release|Any CPU
		{96C0F504-AB09-4E72-ACCB-2BE518680C8A}.Release|Any CPU.Build.0 = Release|Any CPU
		{72FEAF53-3A5E-4E8C-8892-D36ACE7C717E}.Debug|Any CPU.ActiveCfg = Debug|Any CPU
		{72FEAF53-3A5E-4E8C-8892-D36ACE7C717E}.Debug|Any CPU.Build.0 = Debug|Any CPU
		{72FEAF53-3A5E-4E8C-8892-D36ACE7C717E}.Release|Any CPU.ActiveCfg = Release|Any CPU
		{72FEAF53-3A5E-4E8C-8892-D36ACE7C717E}.Release|Any CPU.Build.0 = Release|Any CPU
	EndGlobalSection
	GlobalSection(SolutionProperties) = preSolution
		HideSolutionNode = FALSE
	EndGlobalSection
EndGlobal
