
Microsoft Visual Studio Solution File, Format Version 12.00
# Visual Studio 2012
Project("{FAE04EC0-301F-11D3-BF4B-00C04F79EFBC}") = "FriendsInNeed", "FriendsInNeed\FriendsInNeed.csproj", "{2E0D9C94-12A1-49C0-8CB5-80FEDDEC770C}"
EndProject
Project("{FAE04EC0-301F-11D3-BF4B-00C04F79EFBC}") = "MessagesInABottle", "MessagesInABottle\MessagesInABottle.csproj", "{1F896389-D8D6-42B1-9C7D-3FC8A6200682}"
EndProject
Project("{FAE04EC0-301F-11D3-BF4B-00C04F79EFBC}") = "ShoppingCenter", "ShoppingCenter\ShoppingCenter.csproj", "{BF8AB983-EBDF-4CA3-A123-049AA3D78A7F}"
EndProject
Project("{FAE04EC0-301F-11D3-BF4B-00C04F79EFBC}") = "RiskWinsRiskLooses", "RiskWinsRiskLooses\RiskWinsRiskLooses.csproj", "{AEAF80FC-097A-433E-9821-32B4438FF6B9}"
EndProject
Global
	GlobalSection(SolutionConfigurationPlatforms) = preSolution
		Debug|Any CPU = Debug|Any CPU
		Release|Any CPU = Release|Any CPU
	EndGlobalSection
	GlobalSection(ProjectConfigurationPlatforms) = postSolution
		{2E0D9C94-12A1-49C0-8CB5-80FEDDEC770C}.Debug|Any CPU.ActiveCfg = Debug|Any CPU
		{2E0D9C94-12A1-49C0-8CB5-80FEDDEC770C}.Debug|Any CPU.Build.0 = Debug|Any CPU
		{2E0D9C94-12A1-49C0-8CB5-80FEDDEC770C}.Release|Any CPU.ActiveCfg = Release|Any CPU
		{2E0D9C94-12A1-49C0-8CB5-80FEDDEC770C}.Release|Any CPU.Build.0 = Release|Any CPU
		{1F896389-D8D6-42B1-9C7D-3FC8A6200682}.Debug|Any CPU.ActiveCfg = Debug|Any CPU
		{1F896389-D8D6-42B1-9C7D-3FC8A6200682}.Debug|Any CPU.Build.0 = Debug|Any CPU
		{1F896389-D8D6-42B1-9C7D-3FC8A6200682}.Release|Any CPU.ActiveCfg = Release|Any CPU
		{1F896389-D8D6-42B1-9C7D-3FC8A6200682}.Release|Any CPU.Build.0 = Release|Any CPU
		{BF8AB983-EBDF-4CA3-A123-049AA3D78A7F}.Debug|Any CPU.ActiveCfg = Debug|Any CPU
		{BF8AB983-EBDF-4CA3-A123-049AA3D78A7F}.Debug|Any CPU.Build.0 = Debug|Any CPU
		{BF8AB983-EBDF-4CA3-A123-049AA3D78A7F}.Release|Any CPU.ActiveCfg = Release|Any CPU
		{BF8AB983-EBDF-4CA3-A123-049AA3D78A7F}.Release|Any CPU.Build.0 = Release|Any CPU
		{AEAF80FC-097A-433E-9821-32B4438FF6B9}.Debug|Any CPU.ActiveCfg = Debug|Any CPU
		{AEAF80FC-097A-433E-9821-32B4438FF6B9}.Debug|Any CPU.Build.0 = Debug|Any CPU
		{AEAF80FC-097A-433E-9821-32B4438FF6B9}.Release|Any CPU.ActiveCfg = Release|Any CPU
		{AEAF80FC-097A-433E-9821-32B4438FF6B9}.Release|Any CPU.Build.0 = Release|Any CPU
	EndGlobalSection
	GlobalSection(SolutionProperties) = preSolution
		HideSolutionNode = FALSE
	EndGlobalSection
EndGlobal
